
Microsoft Visual Studio Solution File, Format Version 10.00
# Visual Studio 2008
Project("{8BC9CEB8-8B4A-11D0-8D11-00A0C91BC942}") = "XLib", "XLib\XLib.vcproj", "{ECC74316-F28A-40AD-B8B3-50355762C25D}"
	ProjectSection(ProjectDependencies) = postProject
		{EADC4B01-F48D-46EE-9667-2ABBD999CB30} = {EADC4B01-F48D-46EE-9667-2ABBD999CB30}
		{EBD6532A-B7F7-40FC-B688-FF7BA6C1AB71} = {EBD6532A-B7F7-40FC-B688-FF7BA6C1AB71}
	EndProjectSection
EndProject
Project("{2150E333-8FDC-42A3-9474-1A3956D46DE8}") = "Lib", "Lib", "{D3AAD2E8-EA7A-4A7B-8BA7-A1E6ED33CAB7}"
EndProject
Project("{2150E333-8FDC-42A3-9474-1A3956D46DE8}") = "Test", "Test", "{283D925C-4535-4842-A00A-8FF6482FE9DD}"
EndProject
Project("{8BC9CEB8-8B4A-11D0-8D11-00A0C91BC942}") = "ConsoleTest", "Test\ConsoleTest\ConsoleTest.vcproj", "{1AC08B4E-79E0-4F47-8C1C-6DD810EBF62C}"
	ProjectSection(ProjectDependencies) = postProject
		{EADC4B01-F48D-46EE-9667-2ABBD999CB30} = {EADC4B01-F48D-46EE-9667-2ABBD999CB30}
	EndProjectSection
EndProject
Project("{8BC9CEB8-8B4A-11D0-8D11-00A0C91BC942}") = "GUITest", "Test\GUITest\GUITest.vcproj", "{50C95F51-2F2B-4B70-AC08-7523118F36C4}"
	ProjectSection(ProjectDependencies) = postProject
		{EADC4B01-F48D-46EE-9667-2ABBD999CB30} = {EADC4B01-F48D-46EE-9667-2ABBD999CB30}
	EndProjectSection
EndProject
Project("{8BC9CEB8-8B4A-11D0-8D11-00A0C91BC942}") = "json", "Lib\src\json\jsoncpp.vcproj", "{CE5DE794-64C4-484B-BC66-C3631D0FC3DE}"
EndProject
Project("{8BC9CEB8-8B4A-11D0-8D11-00A0C91BC942}") = "XLibS", "XLibS\XLibS.vcproj", "{EADC4B01-F48D-46EE-9667-2ABBD999CB30}"
EndProject
Project("{8BC9CEB8-8B4A-11D0-8D11-00A0C91BC942}") = "zlib", "Lib\src\zlib\zlib.vcproj", "{EBD6532A-B7F7-40FC-B688-FF7BA6C1AB71}"
EndProject
Global
	GlobalSection(SolutionConfigurationPlatforms) = preSolution
		Debug|Win32 = Debug|Win32
		Release|Win32 = Release|Win32
	EndGlobalSection
	GlobalSection(ProjectConfigurationPlatforms) = postSolution
		{ECC74316-F28A-40AD-B8B3-50355762C25D}.Debug|Win32.ActiveCfg = Debug|Win32
		{ECC74316-F28A-40AD-B8B3-50355762C25D}.Debug|Win32.Build.0 = Debug|Win32
		{ECC74316-F28A-40AD-B8B3-50355762C25D}.Release|Win32.ActiveCfg = Release|Win32
		{ECC74316-F28A-40AD-B8B3-50355762C25D}.Release|Win32.Build.0 = Release|Win32
		{1AC08B4E-79E0-4F47-8C1C-6DD810EBF62C}.Debug|Win32.ActiveCfg = Debug|Win32
		{1AC08B4E-79E0-4F47-8C1C-6DD810EBF62C}.Debug|Win32.Build.0 = Debug|Win32
		{1AC08B4E-79E0-4F47-8C1C-6DD810EBF62C}.Release|Win32.ActiveCfg = Release|Win32
		{1AC08B4E-79E0-4F47-8C1C-6DD810EBF62C}.Release|Win32.Build.0 = Release|Win32
		{50C95F51-2F2B-4B70-AC08-7523118F36C4}.Debug|Win32.ActiveCfg = Debug|Win32
		{50C95F51-2F2B-4B70-AC08-7523118F36C4}.Debug|Win32.Build.0 = Debug|Win32
		{50C95F51-2F2B-4B70-AC08-7523118F36C4}.Release|Win32.ActiveCfg = Release|Win32
		{50C95F51-2F2B-4B70-AC08-7523118F36C4}.Release|Win32.Build.0 = Release|Win32
		{CE5DE794-64C4-484B-BC66-C3631D0FC3DE}.Debug|Win32.ActiveCfg = Debug|Win32
		{CE5DE794-64C4-484B-BC66-C3631D0FC3DE}.Debug|Win32.Build.0 = Debug|Win32
		{CE5DE794-64C4-484B-BC66-C3631D0FC3DE}.Release|Win32.ActiveCfg = Release|Win32
		{CE5DE794-64C4-484B-BC66-C3631D0FC3DE}.Release|Win32.Build.0 = Release|Win32
		{EADC4B01-F48D-46EE-9667-2ABBD999CB30}.Debug|Win32.ActiveCfg = Debug|Win32
		{EADC4B01-F48D-46EE-9667-2ABBD999CB30}.Debug|Win32.Build.0 = Debug|Win32
		{EADC4B01-F48D-46EE-9667-2ABBD999CB30}.Release|Win32.ActiveCfg = Release|Win32
		{EADC4B01-F48D-46EE-9667-2ABBD999CB30}.Release|Win32.Build.0 = Release|Win32
		{EBD6532A-B7F7-40FC-B688-FF7BA6C1AB71}.Debug|Win32.ActiveCfg = Debug|Win32
		{EBD6532A-B7F7-40FC-B688-FF7BA6C1AB71}.Debug|Win32.Build.0 = Debug|Win32
		{EBD6532A-B7F7-40FC-B688-FF7BA6C1AB71}.Release|Win32.ActiveCfg = Release|Win32
		{EBD6532A-B7F7-40FC-B688-FF7BA6C1AB71}.Release|Win32.Build.0 = Release|Win32
	EndGlobalSection
	GlobalSection(SolutionProperties) = preSolution
		HideSolutionNode = FALSE
	EndGlobalSection
	GlobalSection(NestedProjects) = preSolution
		{CE5DE794-64C4-484B-BC66-C3631D0FC3DE} = {D3AAD2E8-EA7A-4A7B-8BA7-A1E6ED33CAB7}
		{EBD6532A-B7F7-40FC-B688-FF7BA6C1AB71} = {D3AAD2E8-EA7A-4A7B-8BA7-A1E6ED33CAB7}
		{1AC08B4E-79E0-4F47-8C1C-6DD810EBF62C} = {283D925C-4535-4842-A00A-8FF6482FE9DD}
		{50C95F51-2F2B-4B70-AC08-7523118F36C4} = {283D925C-4535-4842-A00A-8FF6482FE9DD}
	EndGlobalSection
EndGlobal
